
Microsoft Visual Studio Solution File, Format Version 12.00
# Visual Studio Version 17
VisualStudioVersion = 17.5.002.0
MinimumVisualStudioVersion = 10.0.40219.1
Project("{9A19103F-16F7-4668-BE54-9A1E7A4F7556}") = "MineSweeperMapMaking", "MineSweeperMapMaking.csproj", "{2D023A32-7776-42A1-8E34-452C77CDD317}"
EndProject
Global
	GlobalSection(SolutionConfigurationPlatforms) = preSolution
		Debug|Any CPU = Debug|Any CPU
		Release|Any CPU = Release|Any CPU
	EndGlobalSection
	GlobalSection(ProjectConfigurationPlatforms) = postSolution
		{2D023A32-7776-42A1-8E34-452C77CDD317}.Debug|Any CPU.ActiveCfg = Debug|Any CPU
		{2D023A32-7776-42A1-8E34-452C77CDD317}.Debug|Any CPU.Build.0 = Debug|Any CPU
		{2D023A32-7776-42A1-8E34-452C77CDD317}.Release|Any CPU.ActiveCfg = Release|Any CPU
		{2D023A32-7776-42A1-8E34-452C77CDD317}.Release|Any CPU.Build.0 = Release|Any CPU
	EndGlobalSection
	GlobalSection(SolutionProperties) = preSolution
		HideSolutionNode = FALSE
	EndGlobalSection
	GlobalSection(ExtensibilityGlobals) = postSolution
		SolutionGuid = {7FFEEE05-D427-4094-A1EC-51CAC3863860}
	EndGlobalSection
EndGlobal
