
Microsoft Visual Studio Solution File, Format Version 12.00
# Visual Studio Version 17
VisualStudioVersion = 17.5.002.0
MinimumVisualStudioVersion = 10.0.40219.1
Project("{9A19103F-16F7-4668-BE54-9A1E7A4F7556}") = "SystemTime", "SystemTime.csproj", "{09AB4A7A-68A3-49D9-9B9F-49C4F7CD640B}"
EndProject
Global
	GlobalSection(SolutionConfigurationPlatforms) = preSolution
		Debug|Any CPU = Debug|Any CPU
		Release|Any CPU = Release|Any CPU
	EndGlobalSection
	GlobalSection(ProjectConfigurationPlatforms) = postSolution
		{09AB4A7A-68A3-49D9-9B9F-49C4F7CD640B}.Debug|Any CPU.ActiveCfg = Debug|Any CPU
		{09AB4A7A-68A3-49D9-9B9F-49C4F7CD640B}.Debug|Any CPU.Build.0 = Debug|Any CPU
		{09AB4A7A-68A3-49D9-9B9F-49C4F7CD640B}.Release|Any CPU.ActiveCfg = Release|Any CPU
		{09AB4A7A-68A3-49D9-9B9F-49C4F7CD640B}.Release|Any CPU.Build.0 = Release|Any CPU
	EndGlobalSection
	GlobalSection(SolutionProperties) = preSolution
		HideSolutionNode = FALSE
	EndGlobalSection
	GlobalSection(ExtensibilityGlobals) = postSolution
		SolutionGuid = {C0F71363-7FA3-4325-B8FA-D73BFCC315A3}
	EndGlobalSection
EndGlobal
