
Microsoft Visual Studio Solution File, Format Version 12.00
# Visual Studio Version 17
VisualStudioVersion = 17.5.002.0
MinimumVisualStudioVersion = 10.0.40219.1
Project("{9A19103F-16F7-4668-BE54-9A1E7A4F7556}") = "DotnetUsingOperator", "DotnetUsingOperator.csproj", "{4E58EFE1-BFE1-4C74-BA07-774BA64833AA}"
EndProject
Global
	GlobalSection(SolutionConfigurationPlatforms) = preSolution
		Debug|Any CPU = Debug|Any CPU
		Release|Any CPU = Release|Any CPU
	EndGlobalSection
	GlobalSection(ProjectConfigurationPlatforms) = postSolution
		{4E58EFE1-BFE1-4C74-BA07-774BA64833AA}.Debug|Any CPU.ActiveCfg = Debug|Any CPU
		{4E58EFE1-BFE1-4C74-BA07-774BA64833AA}.Debug|Any CPU.Build.0 = Debug|Any CPU
		{4E58EFE1-BFE1-4C74-BA07-774BA64833AA}.Release|Any CPU.ActiveCfg = Release|Any CPU
		{4E58EFE1-BFE1-4C74-BA07-774BA64833AA}.Release|Any CPU.Build.0 = Release|Any CPU
	EndGlobalSection
	GlobalSection(SolutionProperties) = preSolution
		HideSolutionNode = FALSE
	EndGlobalSection
	GlobalSection(ExtensibilityGlobals) = postSolution
		SolutionGuid = {5B4ED47C-AEFA-4B19-9DE4-C9734159ECFA}
	EndGlobalSection
EndGlobal
